version: 2.0
shards:
  amber:
    git: https://github.com/crimson-knight/amber.git
    version: 1.4.1+git.commit.84c09b67d98908d502d817dfa60acd2c03ebeb46

  amber_router:
    git: https://github.com/amberframework/amber-router.git
    version: 0.4.4

  ameba:
    git: https://github.com/crystal-ameba/ameba.git
    version: 1.5.0

  asset_pipeline:
    git: https://github.com/amberframework/asset_pipeline.git
    version: 0.36.0+git.commit.a2442c3a0278782eb4e0c44a4f249a5577840b24

  awscr-s3:
    git: https://github.com/taylorfinnell/awscr-s3.git
    version: 0.8.3+git.commit.0f6e4889a028fe76be063acc3457b2f4764baf1a

  awscr-signer:
    git: https://github.com/taylorfinnell/awscr-signer.git
    version: 0.8.2

  backtracer:
    git: https://github.com/sija/backtracer.cr.git
    version: 1.2.4

  compiled_license:
    git: https://github.com/elorest/compiled_license.git
    version: 1.2.2

  content_disposition:
    git: https://github.com/jetrockets/content_disposition.cr.git
    version: 1.2.0

  db:
    git: https://github.com/crystal-lang/crystal-db.git
    version: 0.13.1

  email:
    git: https://github.com/arcage/crystal-email.git
    version: 0.6.4

  exception_page:
    git: https://github.com/crystal-loot/exception_page.git
    version: 0.5.0

  gemma:
    git: https://github.com/crimson-knight/gemma.git
    version: 0.6.5+git.commit.1ea830cab5a249383760e07f0f6eda33d0a866ce

  grant:
    git: https://github.com/crimson-knight/grant.git
    version: 0.23.4+git.commit.bda8cd3166e24c6587370fa6857d3eb94c8ba833

  habitat:
    git: https://github.com/luckyframework/habitat.git
    version: 0.4.9

  i18n:
    git: https://github.com/crimson-knight/i18n.cr.git
    version: 0.4.1

  jasper_helpers:
    git: https://github.com/amberframework/jasper-helpers.git
    version: 1.2.2

  kilt:
    git: https://github.com/jeromegn/kilt.git
    version: 0.6.1

  markd:
    git: https://github.com/icyleaf/markd.git
    version: 0.4.2

  mcprotocol:
    git: https://github.com/crimson-knight/mcprotocol.git
    version: 1.0.0+git.commit.a199d0494b3a7f2046676d650e67db2e6e22f66c

  micrate:
    git: https://github.com/amberframework/micrate.git
    version: 0.15.1+git.commit.647fac0490a522956fef305c720e8ebf1422a87d

  pg:
    git: https://github.com/will/crystal-pg.git
    version: 0.28.0

  quartz_mailer:
    git: https://github.com/amberframework/quartz-mailer.git
    version: 0.8.0

  slang:
    git: https://github.com/jeromegn/slang.git
    version: 1.7.3

